
Microsoft Visual Studio Solution File, Format Version 12.00
# Visual Studio Version 17
VisualStudioVersion = 17.0.31903.59
MinimumVisualStudioVersion = 10.0.40219.1
Project("{F2A71F9B-5D33-465A-A702-920D77279786}") = "BehideServer.Interop", "src\Interop\BehideServer.Interop.fsproj", "{195F64FE-CDC5-4B89-A595-81A7A290C403}"
EndProject
Project("{F2A71F9B-5D33-465A-A702-920D77279786}") = "BehideServer", "src\BehideServer.fsproj", "{5827CC7A-0E74-43B3-B394-592AA80432FB}"
EndProject
Project("{F2A71F9B-5D33-465A-A702-920D77279786}") = "BehideServer.Tests", "tests\BehideServer.Tests.fsproj", "{4CC40887-4EE6-4BB1-A066-A3E6AF8969DF}"
EndProject
Global
	GlobalSection(SolutionConfigurationPlatforms) = preSolution
		Debug|Any CPU = Debug|Any CPU
		Release|Any CPU = Release|Any CPU
	EndGlobalSection
	GlobalSection(SolutionProperties) = preSolution
		HideSolutionNode = FALSE
	EndGlobalSection
	GlobalSection(ProjectConfigurationPlatforms) = postSolution
		{195F64FE-CDC5-4B89-A595-81A7A290C403}.Debug|Any CPU.ActiveCfg = Debug|Any CPU
		{195F64FE-CDC5-4B89-A595-81A7A290C403}.Debug|Any CPU.Build.0 = Debug|Any CPU
		{195F64FE-CDC5-4B89-A595-81A7A290C403}.Release|Any CPU.ActiveCfg = Release|Any CPU
		{195F64FE-CDC5-4B89-A595-81A7A290C403}.Release|Any CPU.Build.0 = Release|Any CPU
		{5827CC7A-0E74-43B3-B394-592AA80432FB}.Debug|Any CPU.ActiveCfg = Debug|Any CPU
		{5827CC7A-0E74-43B3-B394-592AA80432FB}.Debug|Any CPU.Build.0 = Debug|Any CPU
		{5827CC7A-0E74-43B3-B394-592AA80432FB}.Release|Any CPU.ActiveCfg = Release|Any CPU
		{5827CC7A-0E74-43B3-B394-592AA80432FB}.Release|Any CPU.Build.0 = Release|Any CPU
		{4CC40887-4EE6-4BB1-A066-A3E6AF8969DF}.Debug|Any CPU.ActiveCfg = Debug|Any CPU
		{4CC40887-4EE6-4BB1-A066-A3E6AF8969DF}.Debug|Any CPU.Build.0 = Debug|Any CPU
		{4CC40887-4EE6-4BB1-A066-A3E6AF8969DF}.Release|Any CPU.ActiveCfg = Release|Any CPU
		{4CC40887-4EE6-4BB1-A066-A3E6AF8969DF}.Release|Any CPU.Build.0 = Release|Any CPU
	EndGlobalSection
EndGlobal
